
Microsoft Visual Studio Solution File, Format Version 12.00
# Visual Studio Version 17
VisualStudioVersion = 17.0.31903.59
MinimumVisualStudioVersion = 10.0.40219.1
Project("{FAE04EC0-301F-11D3-BF4B-00C04F79EFBC}") = "Krizic_Kruzic3", "Krizic_Kruzic3.csproj", "{D9251168-F60E-4A75-927F-E22D8F73E370}"
EndProject
Global
	GlobalSection(SolutionConfigurationPlatforms) = preSolution
		Debug|Any CPU = Debug|Any CPU
		Release|Any CPU = Release|Any CPU
	EndGlobalSection
	GlobalSection(ProjectConfigurationPlatforms) = postSolution
		{D9251168-F60E-4A75-927F-E22D8F73E370}.Debug|Any CPU.ActiveCfg = Debug|Any CPU
		{D9251168-F60E-4A75-927F-E22D8F73E370}.Debug|Any CPU.Build.0 = Debug|Any CPU
		{D9251168-F60E-4A75-927F-E22D8F73E370}.Release|Any CPU.ActiveCfg = Release|Any CPU
		{D9251168-F60E-4A75-927F-E22D8F73E370}.Release|Any CPU.Build.0 = Release|Any CPU
	EndGlobalSection
	GlobalSection(SolutionProperties) = preSolution
		HideSolutionNode = FALSE
	EndGlobalSection
	GlobalSection(ExtensibilityGlobals) = postSolution
		SolutionGuid = {B2300D9F-8616-456C-9CD0-D40750692D72}
	EndGlobalSection
EndGlobal
